
Microsoft Visual Studio Solution File, Format Version 12.00
# Visual Studio Version 16
VisualStudioVersion = 16.0.30002.166
MinimumVisualStudioVersion = 10.0.40219.1
Project("{FAE04EC0-301F-11D3-BF4B-00C04F79EFBC}") = "1 - Foreach", "1 - Foreach\1 - Foreach.csproj", "{15BC86E3-AC72-4B8D-9F1F-FC83F0DADAF6}"
EndProject
Project("{FAE04EC0-301F-11D3-BF4B-00C04F79EFBC}") = "2 - Text Files", "2 - Text Files\2 - Text Files.csproj", "{F085CD5A-BE72-401A-A3C2-F7F29D733C7C}"
EndProject
Project("{FAE04EC0-301F-11D3-BF4B-00C04F79EFBC}") = "3 - Error Handling", "3 - Error Handling\3 - Error Handling.csproj", "{466B1D11-8288-4E1F-B872-AFD48E38D423}"
EndProject
Project("{FAE04EC0-301F-11D3-BF4B-00C04F79EFBC}") = "5 - Config File", "5 - Config File\5 - Config File.csproj", "{E4CEB08C-C328-4C21-9395-AD7696F23B5F}"
EndProject
Project("{2150E333-8FDC-42A3-9474-1A3956D46DE8}") = "4 - Refactor", "4 - Refactor", "{C86C9B54-473F-4B87-A51A-2B22356DA4DD}"
EndProject
Project("{FAE04EC0-301F-11D3-BF4B-00C04F79EFBC}") = "ConsoleApp", "4 - Refactor\ConsoleApp\ConsoleApp.csproj", "{0BA17008-ADC8-4080-B499-69101E8F176E}"
EndProject
Project("{00D1A9C2-B5F0-4AF3-8072-F6C62B433612}") = "DapperDemoDB", "4 - Refactor\DapperDemoDB\DapperDemoDB.sqlproj", "{81B5F5DA-D8F7-456F-9F5C-45D3AAA2791A}"
EndProject
Project("{FAE04EC0-301F-11D3-BF4B-00C04F79EFBC}") = "WinFormApp", "4 - Refactor\WinFormApp\WinFormApp.csproj", "{2E2BDB20-8771-41EE-AEAF-62C20EA56C70}"
EndProject
Project("{FAE04EC0-301F-11D3-BF4B-00C04F79EFBC}") = "Refactor.Library", "4 - Refactor\Refactor.Library\Refactor.Library.csproj", "{3011E90F-580C-47EA-BA02-6D5706B4E052}"
EndProject
Project("{FAE04EC0-301F-11D3-BF4B-00C04F79EFBC}") = "6 - DateTime", "6 - DateTime\6 - DateTime.csproj", "{2E83B762-5343-4232-8B69-167EB0962C3E}"
EndProject
Project("{2150E333-8FDC-42A3-9474-1A3956D46DE8}") = "Completed", "Completed", "{3F81B654-4704-4FEF-995B-B9903E5F14A4}"
EndProject
Global
	GlobalSection(SolutionConfigurationPlatforms) = preSolution
		Debug|Any CPU = Debug|Any CPU
		Release|Any CPU = Release|Any CPU
	EndGlobalSection
	GlobalSection(ProjectConfigurationPlatforms) = postSolution
		{15BC86E3-AC72-4B8D-9F1F-FC83F0DADAF6}.Debug|Any CPU.ActiveCfg = Debug|Any CPU
		{15BC86E3-AC72-4B8D-9F1F-FC83F0DADAF6}.Debug|Any CPU.Build.0 = Debug|Any CPU
		{15BC86E3-AC72-4B8D-9F1F-FC83F0DADAF6}.Release|Any CPU.ActiveCfg = Release|Any CPU
		{15BC86E3-AC72-4B8D-9F1F-FC83F0DADAF6}.Release|Any CPU.Build.0 = Release|Any CPU
		{F085CD5A-BE72-401A-A3C2-F7F29D733C7C}.Debug|Any CPU.ActiveCfg = Debug|Any CPU
		{F085CD5A-BE72-401A-A3C2-F7F29D733C7C}.Debug|Any CPU.Build.0 = Debug|Any CPU
		{F085CD5A-BE72-401A-A3C2-F7F29D733C7C}.Release|Any CPU.ActiveCfg = Release|Any CPU
		{F085CD5A-BE72-401A-A3C2-F7F29D733C7C}.Release|Any CPU.Build.0 = Release|Any CPU
		{466B1D11-8288-4E1F-B872-AFD48E38D423}.Debug|Any CPU.ActiveCfg = Debug|Any CPU
		{466B1D11-8288-4E1F-B872-AFD48E38D423}.Debug|Any CPU.Build.0 = Debug|Any CPU
		{466B1D11-8288-4E1F-B872-AFD48E38D423}.Release|Any CPU.ActiveCfg = Release|Any CPU
		{466B1D11-8288-4E1F-B872-AFD48E38D423}.Release|Any CPU.Build.0 = Release|Any CPU
		{E4CEB08C-C328-4C21-9395-AD7696F23B5F}.Debug|Any CPU.ActiveCfg = Debug|Any CPU
		{E4CEB08C-C328-4C21-9395-AD7696F23B5F}.Debug|Any CPU.Build.0 = Debug|Any CPU
		{E4CEB08C-C328-4C21-9395-AD7696F23B5F}.Release|Any CPU.ActiveCfg = Release|Any CPU
		{E4CEB08C-C328-4C21-9395-AD7696F23B5F}.Release|Any CPU.Build.0 = Release|Any CPU
		{0BA17008-ADC8-4080-B499-69101E8F176E}.Debug|Any CPU.ActiveCfg = Debug|Any CPU
		{0BA17008-ADC8-4080-B499-69101E8F176E}.Debug|Any CPU.Build.0 = Debug|Any CPU
		{0BA17008-ADC8-4080-B499-69101E8F176E}.Release|Any CPU.ActiveCfg = Release|Any CPU
		{0BA17008-ADC8-4080-B499-69101E8F176E}.Release|Any CPU.Build.0 = Release|Any CPU
		{81B5F5DA-D8F7-456F-9F5C-45D3AAA2791A}.Debug|Any CPU.ActiveCfg = Debug|Any CPU
		{81B5F5DA-D8F7-456F-9F5C-45D3AAA2791A}.Debug|Any CPU.Build.0 = Debug|Any CPU
		{81B5F5DA-D8F7-456F-9F5C-45D3AAA2791A}.Debug|Any CPU.Deploy.0 = Debug|Any CPU
		{81B5F5DA-D8F7-456F-9F5C-45D3AAA2791A}.Release|Any CPU.ActiveCfg = Release|Any CPU
		{81B5F5DA-D8F7-456F-9F5C-45D3AAA2791A}.Release|Any CPU.Build.0 = Release|Any CPU
		{81B5F5DA-D8F7-456F-9F5C-45D3AAA2791A}.Release|Any CPU.Deploy.0 = Release|Any CPU
		{2E2BDB20-8771-41EE-AEAF-62C20EA56C70}.Debug|Any CPU.ActiveCfg = Debug|Any CPU
		{2E2BDB20-8771-41EE-AEAF-62C20EA56C70}.Debug|Any CPU.Build.0 = Debug|Any CPU
		{2E2BDB20-8771-41EE-AEAF-62C20EA56C70}.Release|Any CPU.ActiveCfg = Release|Any CPU
		{2E2BDB20-8771-41EE-AEAF-62C20EA56C70}.Release|Any CPU.Build.0 = Release|Any CPU
		{3011E90F-580C-47EA-BA02-6D5706B4E052}.Debug|Any CPU.ActiveCfg = Debug|Any CPU
		{3011E90F-580C-47EA-BA02-6D5706B4E052}.Debug|Any CPU.Build.0 = Debug|Any CPU
		{3011E90F-580C-47EA-BA02-6D5706B4E052}.Release|Any CPU.ActiveCfg = Release|Any CPU
		{3011E90F-580C-47EA-BA02-6D5706B4E052}.Release|Any CPU.Build.0 = Release|Any CPU
		{2E83B762-5343-4232-8B69-167EB0962C3E}.Debug|Any CPU.ActiveCfg = Debug|Any CPU
		{2E83B762-5343-4232-8B69-167EB0962C3E}.Debug|Any CPU.Build.0 = Debug|Any CPU
		{2E83B762-5343-4232-8B69-167EB0962C3E}.Release|Any CPU.ActiveCfg = Release|Any CPU
		{2E83B762-5343-4232-8B69-167EB0962C3E}.Release|Any CPU.Build.0 = Release|Any CPU
	EndGlobalSection
	GlobalSection(SolutionProperties) = preSolution
		HideSolutionNode = FALSE
	EndGlobalSection
	GlobalSection(NestedProjects) = preSolution
		{15BC86E3-AC72-4B8D-9F1F-FC83F0DADAF6} = {3F81B654-4704-4FEF-995B-B9903E5F14A4}
		{F085CD5A-BE72-401A-A3C2-F7F29D733C7C} = {3F81B654-4704-4FEF-995B-B9903E5F14A4}
		{466B1D11-8288-4E1F-B872-AFD48E38D423} = {3F81B654-4704-4FEF-995B-B9903E5F14A4}
		{E4CEB08C-C328-4C21-9395-AD7696F23B5F} = {3F81B654-4704-4FEF-995B-B9903E5F14A4}
		{C86C9B54-473F-4B87-A51A-2B22356DA4DD} = {3F81B654-4704-4FEF-995B-B9903E5F14A4}
		{0BA17008-ADC8-4080-B499-69101E8F176E} = {C86C9B54-473F-4B87-A51A-2B22356DA4DD}
		{81B5F5DA-D8F7-456F-9F5C-45D3AAA2791A} = {C86C9B54-473F-4B87-A51A-2B22356DA4DD}
		{2E2BDB20-8771-41EE-AEAF-62C20EA56C70} = {C86C9B54-473F-4B87-A51A-2B22356DA4DD}
		{3011E90F-580C-47EA-BA02-6D5706B4E052} = {C86C9B54-473F-4B87-A51A-2B22356DA4DD}
		{2E83B762-5343-4232-8B69-167EB0962C3E} = {3F81B654-4704-4FEF-995B-B9903E5F14A4}
	EndGlobalSection
	GlobalSection(ExtensibilityGlobals) = postSolution
		SolutionGuid = {CE6BF077-896A-41FC-B526-2F30D5EBA574}
	EndGlobalSection
EndGlobal
